
Microsoft Visual Studio Solution File, Format Version 12.00
# Visual Studio Version 17
VisualStudioVersion = 17.11.35219.272
MinimumVisualStudioVersion = 10.0.40219.1
Project("{FAE04EC0-301F-11D3-BF4B-00C04F79EFBC}") = "Structura,Filekezeles", "Structura,Filekezeles\Structura,Filekezeles.csproj", "{66987CE8-9CD5-4F9C-B216-F3E3EDA73DFD}"
EndProject
Global
	GlobalSection(SolutionConfigurationPlatforms) = preSolution
		Debug|Any CPU = Debug|Any CPU
		Release|Any CPU = Release|Any CPU
	EndGlobalSection
	GlobalSection(ProjectConfigurationPlatforms) = postSolution
		{66987CE8-9CD5-4F9C-B216-F3E3EDA73DFD}.Debug|Any CPU.ActiveCfg = Debug|Any CPU
		{66987CE8-9CD5-4F9C-B216-F3E3EDA73DFD}.Debug|Any CPU.Build.0 = Debug|Any CPU
		{66987CE8-9CD5-4F9C-B216-F3E3EDA73DFD}.Release|Any CPU.ActiveCfg = Release|Any CPU
		{66987CE8-9CD5-4F9C-B216-F3E3EDA73DFD}.Release|Any CPU.Build.0 = Release|Any CPU
	EndGlobalSection
	GlobalSection(SolutionProperties) = preSolution
		HideSolutionNode = FALSE
	EndGlobalSection
	GlobalSection(ExtensibilityGlobals) = postSolution
		SolutionGuid = {E9ADF670-2D84-40BC-B5AB-688C6F1B5B1F}
	EndGlobalSection
EndGlobal
